{
  "name": "sdk-test",
  "version": "1.0.0",
  "lockfileVersion": 3,
  "requires": true,
  "packages": {
    "": {
      "name": "sdk-test",
      "version": "1.0.0",
      "license": "ISC",
      "dependencies": {
        "error-log-analyzer-js-sdk": "^0.1.0"
      }
    },
    "node_modules/error-log-analyzer-js-sdk": {
      "version": "0.1.0",
      "resolved": "https://registry.npmjs.org/error-log-analyzer-js-sdk/-/error-log-analyzer-js-sdk-0.1.0.tgz",
      "integrity": "sha512-3F6cYsW6csBobSYD7sjhuCE3sC0OgCOE6udFhOHQBqn7Xl2v8Cl0BPARjvQCi4TYFRdq/eb4HIhWo8dON03Ozg==",
      "license": "MIT",
      "engines": {
        "node": ">=18"
      }
    }
  }
}
